
Microsoft Visual Studio Solution File, Format Version 12.00
# Visual Studio Version 17
VisualStudioVersion = 17.1.32210.238
MinimumVisualStudioVersion = 10.0.40219.1
Project("{9A19103F-16F7-4668-BE54-9A1E7A4F7556}") = "Minibank.Web", "MiniBank.Web\Minibank.Web.csproj", "{C0197832-CC55-43A3-91A8-5A29BB06343A}"
EndProject
Project("{9A19103F-16F7-4668-BE54-9A1E7A4F7556}") = "Minibank.Core", "Minibank.Core\Minibank.Core.csproj", "{1CEC797F-5E00-448C-8A1D-81DD06B3D4FE}"
EndProject
Project("{9A19103F-16F7-4668-BE54-9A1E7A4F7556}") = "Minibank.Data", "Minibank.Data\Minibank.Data.csproj", "{3B1DC244-3444-443F-803A-439731F44C01}"
EndProject
Project("{9A19103F-16F7-4668-BE54-9A1E7A4F7556}") = "Minibank.Core.Tests", "Minibank.Core.Tests\Minibank.Core.Tests.csproj", "{05E95FC9-6697-4E39-932C-E596D7A68F73}"
EndProject
Project("{2150E333-8FDC-42A3-9474-1A3956D46DE8}") = "Tests", "Tests", "{26D602AF-6B0A-4FB6-B118-4E837036B327}"
EndProject
Global
	GlobalSection(SolutionConfigurationPlatforms) = preSolution
		Debug|Any CPU = Debug|Any CPU
		Release|Any CPU = Release|Any CPU
	EndGlobalSection
	GlobalSection(ProjectConfigurationPlatforms) = postSolution
		{C0197832-CC55-43A3-91A8-5A29BB06343A}.Debug|Any CPU.ActiveCfg = Debug|Any CPU
		{C0197832-CC55-43A3-91A8-5A29BB06343A}.Debug|Any CPU.Build.0 = Debug|Any CPU
		{C0197832-CC55-43A3-91A8-5A29BB06343A}.Release|Any CPU.ActiveCfg = Release|Any CPU
		{C0197832-CC55-43A3-91A8-5A29BB06343A}.Release|Any CPU.Build.0 = Release|Any CPU
		{1CEC797F-5E00-448C-8A1D-81DD06B3D4FE}.Debug|Any CPU.ActiveCfg = Debug|Any CPU
		{1CEC797F-5E00-448C-8A1D-81DD06B3D4FE}.Debug|Any CPU.Build.0 = Debug|Any CPU
		{1CEC797F-5E00-448C-8A1D-81DD06B3D4FE}.Release|Any CPU.ActiveCfg = Release|Any CPU
		{1CEC797F-5E00-448C-8A1D-81DD06B3D4FE}.Release|Any CPU.Build.0 = Release|Any CPU
		{3B1DC244-3444-443F-803A-439731F44C01}.Debug|Any CPU.ActiveCfg = Debug|Any CPU
		{3B1DC244-3444-443F-803A-439731F44C01}.Debug|Any CPU.Build.0 = Debug|Any CPU
		{3B1DC244-3444-443F-803A-439731F44C01}.Release|Any CPU.ActiveCfg = Release|Any CPU
		{3B1DC244-3444-443F-803A-439731F44C01}.Release|Any CPU.Build.0 = Release|Any CPU
		{05E95FC9-6697-4E39-932C-E596D7A68F73}.Debug|Any CPU.ActiveCfg = Debug|Any CPU
		{05E95FC9-6697-4E39-932C-E596D7A68F73}.Debug|Any CPU.Build.0 = Debug|Any CPU
		{05E95FC9-6697-4E39-932C-E596D7A68F73}.Release|Any CPU.ActiveCfg = Release|Any CPU
		{05E95FC9-6697-4E39-932C-E596D7A68F73}.Release|Any CPU.Build.0 = Release|Any CPU
	EndGlobalSection
	GlobalSection(SolutionProperties) = preSolution
		HideSolutionNode = FALSE
	EndGlobalSection
	GlobalSection(NestedProjects) = preSolution
		{05E95FC9-6697-4E39-932C-E596D7A68F73} = {26D602AF-6B0A-4FB6-B118-4E837036B327}
	EndGlobalSection
	GlobalSection(ExtensibilityGlobals) = postSolution
		SolutionGuid = {9801B7B4-3657-4494-921A-0652F46BC7EC}
	EndGlobalSection
EndGlobal
